
Microsoft Visual Studio Solution File, Format Version 12.00
Project("{FAE04EC0-301F-11D3-BF4B-00C04F79EFBC}") = "FindDuplicates", "FindDuplicates\FindDuplicates\FindDuplicates.csproj", "{681C7997-3DBF-40EF-9AFC-6F84CA21E8CD}"
EndProject
Project("{FAE04EC0-301F-11D3-BF4B-00C04F79EFBC}") = "LinqPerformance", "LinqPerformance\LinqPerformance\LinqPerformance.csproj", "{06768D9D-4403-455D-8E85-C5B5CF9CBDC2}"
EndProject
Global
	GlobalSection(SolutionConfigurationPlatforms) = preSolution
		Debug|Any CPU = Debug|Any CPU
		Release|Any CPU = Release|Any CPU
	EndGlobalSection
	GlobalSection(ProjectConfigurationPlatforms) = postSolution
		{681C7997-3DBF-40EF-9AFC-6F84CA21E8CD}.Debug|Any CPU.ActiveCfg = Debug|Any CPU
		{681C7997-3DBF-40EF-9AFC-6F84CA21E8CD}.Debug|Any CPU.Build.0 = Debug|Any CPU
		{681C7997-3DBF-40EF-9AFC-6F84CA21E8CD}.Release|Any CPU.ActiveCfg = Release|Any CPU
		{681C7997-3DBF-40EF-9AFC-6F84CA21E8CD}.Release|Any CPU.Build.0 = Release|Any CPU
		{06768D9D-4403-455D-8E85-C5B5CF9CBDC2}.Debug|Any CPU.ActiveCfg = Debug|Any CPU
		{06768D9D-4403-455D-8E85-C5B5CF9CBDC2}.Debug|Any CPU.Build.0 = Debug|Any CPU
		{06768D9D-4403-455D-8E85-C5B5CF9CBDC2}.Release|Any CPU.ActiveCfg = Release|Any CPU
		{06768D9D-4403-455D-8E85-C5B5CF9CBDC2}.Release|Any CPU.Build.0 = Release|Any CPU
	EndGlobalSection
EndGlobal
